// !$*UTF8*$!
{
	archiveVersion = 1;
	classes = {
	};
	objectVersion = 56;
	objects = {

/* Begin PBXBuildFile section */
		25C94B002ACDBC5D00A6453D /* LOTRconverterApp.swift in Sources */ = {isa = PBXBuildFile; fileRef = 25C94AFF2ACDBC5D00A6453D /* LOTRconverterApp.swift */; };
		25C94B022ACDBC5D00A6453D /* ContentView.swift in Sources */ = {isa = PBXBuildFile; fileRef = 25C94B012ACDBC5D00A6453D /* ContentView.swift */; };
		25C94B042ACDBC6000A6453D /* Assets.xcassets in Resources */ = {isa = PBXBuildFile; fileRef = 25C94B032ACDBC6000A6453D /* Assets.xcassets */; };
		25C94B072ACDBC6000A6453D /* Preview Assets.xcassets in Resources */ = {isa = PBXBuildFile; fileRef = 25C94B062ACDBC6000A6453D /* Preview Assets.xcassets */; };
		25C94B102ACE222600A6453D /* ExchangeInfo.swift in Sources */ = {isa = PBXBuildFile; fileRef = 25C94B0F2ACE222600A6453D /* ExchangeInfo.swift */; };
		25C94B132ACE245400A6453D /* CurrencyInfo.swift in Sources */ = {isa = PBXBuildFile; fileRef = 25C94B122ACE245400A6453D /* CurrencyInfo.swift */; };
		25C94B162ACF060600A6453D /* MoneyMenuConverter.swift in Sources */ = {isa = PBXBuildFile; fileRef = 25C94B152ACF060600A6453D /* MoneyMenuConverter.swift */; };
		25C94B182ACF062000A6453D /* MoneyItemConverter.swift in Sources */ = {isa = PBXBuildFile; fileRef = 25C94B172ACF062000A6453D /* MoneyItemConverter.swift */; };
		25C94B1B2ACF274000A6453D /* Currency.swift in Sources */ = {isa = PBXBuildFile; fileRef = 25C94B1A2ACF274000A6453D /* Currency.swift */; };
		25C94B1D2ACF2EBC00A6453D /* MoneyItemList.swift in Sources */ = {isa = PBXBuildFile; fileRef = 25C94B1C2ACF2EBC00A6453D /* MoneyItemList.swift */; };
/* End PBXBuildFile section */

/* Begin PBXFileReference section */
		25C94AFC2ACDBC5D00A6453D /* LOTRconverter.app */ = {isa = PBXFileReference; explicitFileType = wrapper.application; includeInIndex = 0; path = LOTRconverter.app; sourceTree = BUILT_PRODUCTS_DIR; };
		25C94AFF2ACDBC5D00A6453D /* LOTRconverterApp.swift */ = {isa = PBXFileReference; lastKnownFileType = sourcecode.swift; path = LOTRconverterApp.swift; sourceTree = "<group>"; };
		25C94B012ACDBC5D00A6453D /* ContentView.swift */ = {isa = PBXFileReference; lastKnownFileType = sourcecode.swift; path = ContentView.swift; sourceTree = "<group>"; };
		25C94B032ACDBC6000A6453D /* Assets.xcassets */ = {isa = PBXFileReference; lastKnownFileType = folder.assetcatalog; path = Assets.xcassets; sourceTree = "<group>"; };
		25C94B062ACDBC6000A6453D /* Preview Assets.xcassets */ = {isa = PBXFileReference; lastKnownFileType = folder.assetcatalog; path = "Preview Assets.xcassets"; sourceTree = "<group>"; };
		25C94B0F2ACE222600A6453D /* ExchangeInfo.swift */ = {isa = PBXFileReference; lastKnownFileType = sourcecode.swift; path = ExchangeInfo.swift; sourceTree = "<group>"; };
		25C94B122ACE245400A6453D /* CurrencyInfo.swift */ = {isa = PBXFileReference; lastKnownFileType = sourcecode.swift; path = CurrencyInfo.swift; sourceTree = "<group>"; };
		25C94B152ACF060600A6453D /* MoneyMenuConverter.swift */ = {isa = PBXFileReference; lastKnownFileType = sourcecode.swift; path = MoneyMenuConverter.swift; sourceTree = "<group>"; };
		25C94B172ACF062000A6453D /* MoneyItemConverter.swift */ = {isa = PBXFileReference; lastKnownFileType = sourcecode.swift; path = MoneyItemConverter.swift; sourceTree = "<group>"; };
		25C94B1A2ACF274000A6453D /* Currency.swift */ = {isa = PBXFileReference; lastKnownFileType = sourcecode.swift; path = Currency.swift; sourceTree = "<group>"; };
		25C94B1C2ACF2EBC00A6453D /* MoneyItemList.swift */ = {isa = PBXFileReference; lastKnownFileType = sourcecode.swift; path = MoneyItemList.swift; sourceTree = "<group>"; };
/* End PBXFileReference section */

/* Begin PBXFrameworksBuildPhase section */
		25C94AF92ACDBC5D00A6453D /* Frameworks */ = {
			isa = PBXFrameworksBuildPhase;
			buildActionMask = 2147483647;
			files = (
			);
			runOnlyForDeploymentPostprocessing = 0;
		};
/* End PBXFrameworksBuildPhase section */

/* Begin PBXGroup section */
		25C94AF32ACDBC5D00A6453D = {
			isa = PBXGroup;
			children = (
				25C94AFE2ACDBC5D00A6453D /* LOTRconverter */,
				25C94AFD2ACDBC5D00A6453D /* Products */,
			);
			sourceTree = "<group>";
		};
		25C94AFD2ACDBC5D00A6453D /* Products */ = {
			isa = PBXGroup;
			children = (
				25C94AFC2ACDBC5D00A6453D /* LOTRconverter.app */,
			);
			name = Products;
			sourceTree = "<group>";
		};
		25C94AFE2ACDBC5D00A6453D /* LOTRconverter */ = {
			isa = PBXGroup;
			children = (
				25C94B192ACF273100A6453D /* Model */,
				25C94B142ACF05EC00A6453D /* MoenyMenuConverter */,
				25C94B112ACE243B00A6453D /* ExchangeV */,
				25C94AFF2ACDBC5D00A6453D /* LOTRconverterApp.swift */,
				25C94B012ACDBC5D00A6453D /* ContentView.swift */,
				25C94B032ACDBC6000A6453D /* Assets.xcassets */,
				25C94B052ACDBC6000A6453D /* Preview Content */,
			);
			path = LOTRconverter;
			sourceTree = "<group>";
		};
		25C94B052ACDBC6000A6453D /* Preview Content */ = {
			isa = PBXGroup;
			children = (
				25C94B062ACDBC6000A6453D /* Preview Assets.xcassets */,
			);
			path = "Preview Content";
			sourceTree = "<group>";
		};
		25C94B112ACE243B00A6453D /* ExchangeV */ = {
			isa = PBXGroup;
			children = (
				25C94B0F2ACE222600A6453D /* ExchangeInfo.swift */,
				25C94B122ACE245400A6453D /* CurrencyInfo.swift */,
			);
			path = ExchangeV;
			sourceTree = "<group>";
		};
		25C94B142ACF05EC00A6453D /* MoenyMenuConverter */ = {
			isa = PBXGroup;
			children = (
				25C94B152ACF060600A6453D /* MoneyMenuConverter.swift */,
				25C94B172ACF062000A6453D /* MoneyItemConverter.swift */,
				25C94B1C2ACF2EBC00A6453D /* MoneyItemList.swift */,
			);
			path = MoenyMenuConverter;
			sourceTree = "<group>";
		};
		25C94B192ACF273100A6453D /* Model */ = {
			isa = PBXGroup;
			children = (
				25C94B1A2ACF274000A6453D /* Currency.swift */,
			);
			path = Model;
			sourceTree = "<group>";
		};
/* End PBXGroup section */

/* Begin PBXNativeTarget section */
		25C94AFB2ACDBC5D00A6453D /* LOTRconverter */ = {
			isa = PBXNativeTarget;
			buildConfigurationList = 25C94B0A2ACDBC6000A6453D /* Build configuration list for PBXNativeTarget "LOTRconverter" */;
			buildPhases = (
				25C94AF82ACDBC5D00A6453D /* Sources */,
				25C94AF92ACDBC5D00A6453D /* Frameworks */,
				25C94AFA2ACDBC5D00A6453D /* Resources */,
			);
			buildRules = (
			);
			dependencies = (
			);
			name = LOTRconverter;
			productName = LOTRconverter;
			productReference = 25C94AFC2ACDBC5D00A6453D /* LOTRconverter.app */;
			productType = "com.apple.product-type.application";
		};
/* End PBXNativeTarget section */

/* Begin PBXProject section */
		25C94AF42ACDBC5D00A6453D /* Project object */ = {
			isa = PBXProject;
			attributes = {
				BuildIndependentTargetsInParallel = 1;
				LastSwiftUpdateCheck = 1500;
				LastUpgradeCheck = 1500;
				TargetAttributes = {
					25C94AFB2ACDBC5D00A6453D = {
						CreatedOnToolsVersion = 15.0;
					};
				};
			};
			buildConfigurationList = 25C94AF72ACDBC5D00A6453D /* Build configuration list for PBXProject "LOTRconverter" */;
			compatibilityVersion = "Xcode 14.0";
			developmentRegion = en;
			hasScannedForEncodings = 0;
			knownRegions = (
				en,
				Base,
			);
			mainGroup = 25C94AF32ACDBC5D00A6453D;
			productRefGroup = 25C94AFD2ACDBC5D00A6453D /* Products */;
			projectDirPath = "";
			projectRoot = "";
			targets = (
				25C94AFB2ACDBC5D00A6453D /* LOTRconverter */,
			);
		};
/* End PBXProject section */

/* Begin PBXResourcesBuildPhase section */
		25C94AFA2ACDBC5D00A6453D /* Resources */ = {
			isa = PBXResourcesBuildPhase;
			buildActionMask = 2147483647;
			files = (
				25C94B072ACDBC6000A6453D /* Preview Assets.xcassets in Resources */,
				25C94B042ACDBC6000A6453D /* Assets.xcassets in Resources */,
			);
			runOnlyForDeploymentPostprocessing = 0;
		};
/* End PBXResourcesBuildPhase section */

/* Begin PBXSourcesBuildPhase section */
		25C94AF82ACDBC5D00A6453D /* Sources */ = {
			isa = PBXSourcesBuildPhase;
			buildActionMask = 2147483647;
			files = (
				25C94B182ACF062000A6453D /* MoneyItemConverter.swift in Sources */,
				25C94B1D2ACF2EBC00A6453D /* MoneyItemList.swift in Sources */,
				25C94B132ACE245400A6453D /* CurrencyInfo.swift in Sources */,
				25C94B162ACF060600A6453D /* MoneyMenuConverter.swift in Sources */,
				25C94B102ACE222600A6453D /* ExchangeInfo.swift in Sources */,
				25C94B022ACDBC5D00A6453D /* ContentView.swift in Sources */,
				25C94B1B2ACF274000A6453D /* Currency.swift in Sources */,
				25C94B002ACDBC5D00A6453D /* LOTRconverterApp.swift in Sources */,
			);
			runOnlyForDeploymentPostprocessing = 0;
		};
/* End PBXSourcesBuildPhase section */

/* Begin XCBuildConfiguration section */
		25C94B082ACDBC6000A6453D /* Debug */ = {
			isa = XCBuildConfiguration;
			buildSettings = {
				ALWAYS_SEARCH_USER_PATHS = NO;
				ASSETCATALOG_COMPILER_GENERATE_SWIFT_ASSET_SYMBOL_EXTENSIONS = YES;
				CLANG_ANALYZER_NONNULL = YES;
				CLANG_ANALYZER_NUMBER_OBJECT_CONVERSION = YES_AGGRESSIVE;
				CLANG_CXX_LANGUAGE_STANDARD = "gnu++20";
				CLANG_ENABLE_MODULES = YES;
				CLANG_ENABLE_OBJC_ARC = YES;
				CLANG_ENABLE_OBJC_WEAK = YES;
				CLANG_WARN_BLOCK_CAPTURE_AUTORELEASING = YES;
				CLANG_WARN_BOOL_CONVERSION = YES;
				CLANG_WARN_COMMA = YES;
				CLANG_WARN_CONSTANT_CONVERSION = YES;
				CLANG_WARN_DEPRECATED_OBJC_IMPLEMENTATIONS = YES;
				CLANG_WARN_DIRECT_OBJC_ISA_USAGE = YES_ERROR;
				CLANG_WARN_DOCUMENTATION_COMMENTS = YES;
				CLANG_WARN_EMPTY_BODY = YES;
				CLANG_WARN_ENUM_CONVERSION = YES;
				CLANG_WARN_INFINITE_RECURSION = YES;
				CLANG_WARN_INT_CONVERSION = YES;
				CLANG_WARN_NON_LITERAL_NULL_CONVERSION = YES;
				CLANG_WARN_OBJC_IMPLICIT_RETAIN_SELF = YES;
				CLANG_WARN_OBJC_LITERAL_CONVERSION = YES;
				CLANG_WARN_OBJC_ROOT_CLASS = YES_ERROR;
				CLANG_WARN_QUOTED_INCLUDE_IN_FRAMEWORK_HEADER = YES;
				CLANG_WARN_RANGE_LOOP_ANALYSIS = YES;
				CLANG_WARN_STRICT_PROTOTYPES = YES;
				CLANG_WARN_SUSPICIOUS_MOVE = YES;
				CLANG_WARN_UNGUARDED_AVAILABILITY = YES_AGGRESSIVE;
				CLANG_WARN_UNREACHABLE_CODE = YES;
				CLANG_WARN__DUPLICATE_METHOD_MATCH = YES;
				COPY_PHASE_STRIP = NO;
				DEBUG_INFORMATION_FORMAT = dwarf;
				ENABLE_STRICT_OBJC_MSGSEND = YES;
				ENABLE_TESTABILITY = YES;
				ENABLE_USER_SCRIPT_SANDBOXING = YES;
				GCC_C_LANGUAGE_STANDARD = gnu17;
				GCC_DYNAMIC_NO_PIC = NO;
				GCC_NO_COMMON_BLOCKS = YES;
				GCC_OPTIMIZATION_LEVEL = 0;
				GCC_PREPROCESSOR_DEFINITIONS = (
					"DEBUG=1",
					"$(inherited)",
				);
				GCC_WARN_64_TO_32_BIT_CONVERSION = YES;
				GCC_WARN_ABOUT_RETURN_TYPE = YES_ERROR;
				GCC_WARN_UNDECLARED_SELECTOR = YES;
				GCC_WARN_UNINITIALIZED_AUTOS = YES_AGGRESSIVE;
				GCC_WARN_UNUSED_FUNCTION = YES;
				GCC_WARN_UNUSED_VARIABLE = YES;
				IPHONEOS_DEPLOYMENT_TARGET = 17.0;
				LOCALIZATION_PREFERS_STRING_CATALOGS = YES;
				MTL_ENABLE_DEBUG_INFO = INCLUDE_SOURCE;
				MTL_FAST_MATH = YES;
				ONLY_ACTIVE_ARCH = YES;
				SDKROOT = iphoneos;
				SWIFT_ACTIVE_COMPILATION_CONDITIONS = "DEBUG $(inherited)";
				SWIFT_OPTIMIZATION_LEVEL = "-Onone";
			};
			name = Debug;
		};
		25C94B092ACDBC6000A6453D /* Release */ = {
			isa = XCBuildConfiguration;
			buildSettings = {
				ALWAYS_SEARCH_USER_PATHS = NO;
				ASSETCATALOG_COMPILER_GENERATE_SWIFT_ASSET_SYMBOL_EXTENSIONS = YES;
				CLANG_ANALYZER_NONNULL = YES;
				CLANG_ANALYZER_NUMBER_OBJECT_CONVERSION = YES_AGGRESSIVE;
				CLANG_CXX_LANGUAGE_STANDARD = "gnu++20";
				CLANG_ENABLE_MODULES = YES;
				CLANG_ENABLE_OBJC_ARC = YES;
				CLANG_ENABLE_OBJC_WEAK = YES;
				CLANG_WARN_BLOCK_CAPTURE_AUTORELEASING = YES;
				CLANG_WARN_BOOL_CONVERSION = YES;
				CLANG_WARN_COMMA = YES;
				CLANG_WARN_CONSTANT_CONVERSION = YES;
				CLANG_WARN_DEPRECATED_OBJC_IMPLEMENTATIONS = YES;
				CLANG_WARN_DIRECT_OBJC_ISA_USAGE = YES_ERROR;
				CLANG_WARN_DOCUMENTATION_COMMENTS = YES;
				CLANG_WARN_EMPTY_BODY = YES;
				CLANG_WARN_ENUM_CONVERSION = YES;
				CLANG_WARN_INFINITE_RECURSION = YES;
				CLANG_WARN_INT_CONVERSION = YES;
				CLANG_WARN_NON_LITERAL_NULL_CONVERSION = YES;
				CLANG_WARN_OBJC_IMPLICIT_RETAIN_SELF = YES;
				CLANG_WARN_OBJC_LITERAL_CONVERSION = YES;
				CLANG_WARN_OBJC_ROOT_CLASS = YES_ERROR;
				CLANG_WARN_QUOTED_INCLUDE_IN_FRAMEWORK_HEADER = YES;
				CLANG_WARN_RANGE_LOOP_ANALYSIS = YES;
				CLANG_WARN_STRICT_PROTOTYPES = YES;
				CLANG_WARN_SUSPICIOUS_MOVE = YES;
				CLANG_WARN_UNGUARDED_AVAILABILITY = YES_AGGRESSIVE;
				CLANG_WARN_UNREACHABLE_CODE = YES;
				CLANG_WARN__DUPLICATE_METHOD_MATCH = YES;
				COPY_PHASE_STRIP = NO;
				DEBUG_INFORMATION_FORMAT = "dwarf-with-dsym";
				ENABLE_NS_ASSERTIONS = NO;
				ENABLE_STRICT_OBJC_MSGSEND = YES;
				ENABLE_USER_SCRIPT_SANDBOXING = YES;
				GCC_C_LANGUAGE_STANDARD = gnu17;
				GCC_NO_COMMON_BLOCKS = YES;
				GCC_WARN_64_TO_32_BIT_CONVERSION = YES;
				GCC_WARN_ABOUT_RETURN_TYPE = YES_ERROR;
				GCC_WARN_UNDECLARED_SELECTOR = YES;
				GCC_WARN_UNINITIALIZED_AUTOS = YES_AGGRESSIVE;
				GCC_WARN_UNUSED_FUNCTION = YES;
				GCC_WARN_UNUSED_VARIABLE = YES;
				IPHONEOS_DEPLOYMENT_TARGET = 17.0;
				LOCALIZATION_PREFERS_STRING_CATALOGS = YES;
				MTL_ENABLE_DEBUG_INFO = NO;
				MTL_FAST_MATH = YES;
				SDKROOT = iphoneos;
				SWIFT_COMPILATION_MODE = wholemodule;
				VALIDATE_PRODUCT = YES;
			};
			name = Release;
		};
		25C94B0B2ACDBC6000A6453D /* Debug */ = {
			isa = XCBuildConfiguration;
			buildSettings = {
				ASSETCATALOG_COMPILER_APPICON_NAME = AppIcon;
				ASSETCATALOG_COMPILER_GLOBAL_ACCENT_COLOR_NAME = AccentColor;
				CODE_SIGN_STYLE = Automatic;
				CURRENT_PROJECT_VERSION = 1;
				DEVELOPMENT_ASSET_PATHS = "\"LOTRconverter/Preview Content\"";
				DEVELOPMENT_TEAM = 7G6UFDRU64;
				ENABLE_PREVIEWS = YES;
				GENERATE_INFOPLIST_FILE = YES;
				INFOPLIST_KEY_UIApplicationSceneManifest_Generation = YES;
				INFOPLIST_KEY_UIApplicationSupportsIndirectInputEvents = YES;
				INFOPLIST_KEY_UILaunchScreen_Generation = YES;
				INFOPLIST_KEY_UISupportedInterfaceOrientations_iPad = "UIInterfaceOrientationPortrait UIInterfaceOrientationPortraitUpsideDown UIInterfaceOrientationLandscapeLeft UIInterfaceOrientationLandscapeRight";
				INFOPLIST_KEY_UISupportedInterfaceOrientations_iPhone = "UIInterfaceOrientationPortrait UIInterfaceOrientationLandscapeLeft UIInterfaceOrientationLandscapeRight";
				LD_RUNPATH_SEARCH_PATHS = (
					"$(inherited)",
					"@executable_path/Frameworks",
				);
				MARKETING_VERSION = 1.0;
				PRODUCT_BUNDLE_IDENTIFIER = com.toch.LOTRconverter;
				PRODUCT_NAME = "$(TARGET_NAME)";
				SWIFT_EMIT_LOC_STRINGS = YES;
				SWIFT_VERSION = 5.0;
				TARGETED_DEVICE_FAMILY = "1,2";
			};
			name = Debug;
		};
		25C94B0C2ACDBC6000A6453D /* Release */ = {
			isa = XCBuildConfiguration;
			buildSettings = {
				ASSETCATALOG_COMPILER_APPICON_NAME = AppIcon;
				ASSETCATALOG_COMPILER_GLOBAL_ACCENT_COLOR_NAME = AccentColor;
				CODE_SIGN_STYLE = Automatic;
				CURRENT_PROJECT_VERSION = 1;
				DEVELOPMENT_ASSET_PATHS = "\"LOTRconverter/Preview Content\"";
				DEVELOPMENT_TEAM = 7G6UFDRU64;
				ENABLE_PREVIEWS = YES;
				GENERATE_INFOPLIST_FILE = YES;
				INFOPLIST_KEY_UIApplicationSceneManifest_Generation = YES;
				INFOPLIST_KEY_UIApplicationSupportsIndirectInputEvents = YES;
				INFOPLIST_KEY_UILaunchScreen_Generation = YES;
				INFOPLIST_KEY_UISupportedInterfaceOrientations_iPad = "UIInterfaceOrientationPortrait UIInterfaceOrientationPortraitUpsideDown UIInterfaceOrientationLandscapeLeft UIInterfaceOrientationLandscapeRight";
				INFOPLIST_KEY_UISupportedInterfaceOrientations_iPhone = "UIInterfaceOrientationPortrait UIInterfaceOrientationLandscapeLeft UIInterfaceOrientationLandscapeRight";
				LD_RUNPATH_SEARCH_PATHS = (
					"$(inherited)",
					"@executable_path/Frameworks",
				);
				MARKETING_VERSION = 1.0;
				PRODUCT_BUNDLE_IDENTIFIER = com.toch.LOTRconverter;
				PRODUCT_NAME = "$(TARGET_NAME)";
				SWIFT_EMIT_LOC_STRINGS = YES;
				SWIFT_VERSION = 5.0;
				TARGETED_DEVICE_FAMILY = "1,2";
			};
			name = Release;
		};
/* End XCBuildConfiguration section */

/* Begin XCConfigurationList section */
		25C94AF72ACDBC5D00A6453D /* Build configuration list for PBXProject "LOTRconverter" */ = {
			isa = XCConfigurationList;
			buildConfigurations = (
				25C94B082ACDBC6000A6453D /* Debug */,
				25C94B092ACDBC6000A6453D /* Release */,
			);
			defaultConfigurationIsVisible = 0;
			defaultConfigurationName = Release;
		};
		25C94B0A2ACDBC6000A6453D /* Build configuration list for PBXNativeTarget "LOTRconverter" */ = {
			isa = XCConfigurationList;
			buildConfigurations = (
				25C94B0B2ACDBC6000A6453D /* Debug */,
				25C94B0C2ACDBC6000A6453D /* Release */,
			);
			defaultConfigurationIsVisible = 0;
			defaultConfigurationName = Release;
		};
/* End XCConfigurationList section */
	};
	rootObject = 25C94AF42ACDBC5D00A6453D /* Project object */;
}
